
Microsoft Visual Studio Solution File, Format Version 12.00
# Visual Studio Version 17
VisualStudioVersion = 17.13.35806.99 d17.13
MinimumVisualStudioVersion = 10.0.40219.1
Project("{FAE04EC0-301F-11D3-BF4B-00C04F79EFBC}") = "WinFormsApp2", "WinFormsApp2\WinFormsApp2.csproj", "{BAB80519-DE42-48C1-8607-41938F0C996B}"
EndProject
Global
	GlobalSection(SolutionConfigurationPlatforms) = preSolution
		Debug|Any CPU = Debug|Any CPU
		Release|Any CPU = Release|Any CPU
	EndGlobalSection
	GlobalSection(ProjectConfigurationPlatforms) = postSolution
		{BAB80519-DE42-48C1-8607-41938F0C996B}.Debug|Any CPU.ActiveCfg = Debug|Any CPU
		{BAB80519-DE42-48C1-8607-41938F0C996B}.Debug|Any CPU.Build.0 = Debug|Any CPU
		{BAB80519-DE42-48C1-8607-41938F0C996B}.Release|Any CPU.ActiveCfg = Release|Any CPU
		{BAB80519-DE42-48C1-8607-41938F0C996B}.Release|Any CPU.Build.0 = Release|Any CPU
	EndGlobalSection
	GlobalSection(SolutionProperties) = preSolution
		HideSolutionNode = FALSE
	EndGlobalSection
	GlobalSection(ExtensibilityGlobals) = postSolution
		SolutionGuid = {6E599C4E-293F-4631-8739-5BF86C06FE59}
	EndGlobalSection
EndGlobal
