
Microsoft Visual Studio Solution File, Format Version 12.00
# Visual Studio Version 17
VisualStudioVersion = 17.13.35806.99
MinimumVisualStudioVersion = 10.0.40219.1
Project("{FAE04EC0-301F-11D3-BF4B-00C04F79EFBC}") = "WinFormsApp2", "WinFormsApp2\WinFormsApp2.csproj", "{BAB80519-DE42-48C1-8607-41938F0C996B}"
EndProject
Project("{FAE04EC0-301F-11D3-BF4B-00C04F79EFBC}") = "WinFormsApp2.Tests", "WinFormsApp2.Tests\WinFormsApp2.Tests.csproj", "{3BC13224-037A-4A9B-B693-92D01B513F73}"
EndProject
Global
	GlobalSection(SolutionConfigurationPlatforms) = preSolution
		Debug|Any CPU = Debug|Any CPU
		Debug|x64 = Debug|x64
		Debug|x86 = Debug|x86
		Release|Any CPU = Release|Any CPU
		Release|x64 = Release|x64
		Release|x86 = Release|x86
	EndGlobalSection
	GlobalSection(ProjectConfigurationPlatforms) = postSolution
		{BAB80519-DE42-48C1-8607-41938F0C996B}.Debug|Any CPU.ActiveCfg = Debug|Any CPU
		{BAB80519-DE42-48C1-8607-41938F0C996B}.Debug|Any CPU.Build.0 = Debug|Any CPU
		{BAB80519-DE42-48C1-8607-41938F0C996B}.Debug|x64.ActiveCfg = Debug|Any CPU
		{BAB80519-DE42-48C1-8607-41938F0C996B}.Debug|x64.Build.0 = Debug|Any CPU
		{BAB80519-DE42-48C1-8607-41938F0C996B}.Debug|x86.ActiveCfg = Debug|Any CPU
		{BAB80519-DE42-48C1-8607-41938F0C996B}.Debug|x86.Build.0 = Debug|Any CPU
		{BAB80519-DE42-48C1-8607-41938F0C996B}.Release|Any CPU.ActiveCfg = Release|Any CPU
		{BAB80519-DE42-48C1-8607-41938F0C996B}.Release|Any CPU.Build.0 = Release|Any CPU
		{BAB80519-DE42-48C1-8607-41938F0C996B}.Release|x64.ActiveCfg = Release|Any CPU
		{BAB80519-DE42-48C1-8607-41938F0C996B}.Release|x64.Build.0 = Release|Any CPU
		{BAB80519-DE42-48C1-8607-41938F0C996B}.Release|x86.ActiveCfg = Release|Any CPU
		{BAB80519-DE42-48C1-8607-41938F0C996B}.Release|x86.Build.0 = Release|Any CPU
		{3BC13224-037A-4A9B-B693-92D01B513F73}.Debug|Any CPU.ActiveCfg = Debug|Any CPU
		{3BC13224-037A-4A9B-B693-92D01B513F73}.Debug|Any CPU.Build.0 = Debug|Any CPU
		{3BC13224-037A-4A9B-B693-92D01B513F73}.Debug|x64.ActiveCfg = Debug|Any CPU
		{3BC13224-037A-4A9B-B693-92D01B513F73}.Debug|x64.Build.0 = Debug|Any CPU
		{3BC13224-037A-4A9B-B693-92D01B513F73}.Debug|x86.ActiveCfg = Debug|Any CPU
		{3BC13224-037A-4A9B-B693-92D01B513F73}.Debug|x86.Build.0 = Debug|Any CPU
		{3BC13224-037A-4A9B-B693-92D01B513F73}.Release|Any CPU.ActiveCfg = Release|Any CPU
		{3BC13224-037A-4A9B-B693-92D01B513F73}.Release|Any CPU.Build.0 = Release|Any CPU
		{3BC13224-037A-4A9B-B693-92D01B513F73}.Release|x64.ActiveCfg = Release|Any CPU
		{3BC13224-037A-4A9B-B693-92D01B513F73}.Release|x64.Build.0 = Release|Any CPU
		{3BC13224-037A-4A9B-B693-92D01B513F73}.Release|x86.ActiveCfg = Release|Any CPU
		{3BC13224-037A-4A9B-B693-92D01B513F73}.Release|x86.Build.0 = Release|Any CPU
	EndGlobalSection
	GlobalSection(SolutionProperties) = preSolution
		HideSolutionNode = FALSE
	EndGlobalSection
	GlobalSection(ExtensibilityGlobals) = postSolution
		SolutionGuid = {6E599C4E-293F-4631-8739-5BF86C06FE59}
	EndGlobalSection
EndGlobal
